// !$*UTF8*$!
{
	archiveVersion = 1;
	classes = {
	};
	objectVersion = 56;
	objects = {

/* Begin PBXBuildFile section */
		073D59A22A8A7F7A0083FD43 /* Home.swift in Sources */ = {isa = PBXBuildFile; fileRef = 073D59A12A8A7F7A0083FD43 /* Home.swift */; };
		073D59A42A8A7FC50083FD43 /* Reviews.swift in Sources */ = {isa = PBXBuildFile; fileRef = 073D59A32A8A7FC50083FD43 /* Reviews.swift */; };
		073D59A82A8A80480083FD43 /* FeaturedMovies.swift in Sources */ = {isa = PBXBuildFile; fileRef = 073D59A72A8A80480083FD43 /* FeaturedMovies.swift */; };
		C126A5D12A85241400F28F20 /* MovieMagicApp.swift in Sources */ = {isa = PBXBuildFile; fileRef = C126A5D02A85241400F28F20 /* MovieMagicApp.swift */; };
		C126A5D32A85241400F28F20 /* ContentView.swift in Sources */ = {isa = PBXBuildFile; fileRef = C126A5D22A85241400F28F20 /* ContentView.swift */; };
		C126A5D52A85241600F28F20 /* Assets.xcassets in Resources */ = {isa = PBXBuildFile; fileRef = C126A5D42A85241600F28F20 /* Assets.xcassets */; };
		C126A5D82A85241600F28F20 /* Preview Assets.xcassets in Resources */ = {isa = PBXBuildFile; fileRef = C126A5D72A85241600F28F20 /* Preview Assets.xcassets */; };
		C126A5E62A852DC300F28F20 /* GenreTag.swift in Sources */ = {isa = PBXBuildFile; fileRef = C126A5E52A852DC300F28F20 /* GenreTag.swift */; };
		C126A5E82A852DD600F28F20 /* MovieCardTypeA.swift in Sources */ = {isa = PBXBuildFile; fileRef = C126A5E72A852DD600F28F20 /* MovieCardTypeA.swift */; };
		C126A5EA2A852DE200F28F20 /* MoviePoster.swift in Sources */ = {isa = PBXBuildFile; fileRef = C126A5E92A852DE200F28F20 /* MoviePoster.swift */; };
		C126A5EC2A852DEF00F28F20 /* MovieRating.swift in Sources */ = {isa = PBXBuildFile; fileRef = C126A5EB2A852DEF00F28F20 /* MovieRating.swift */; };
		C126A5EE2A852DFF00F28F20 /* ReviewComponent.swift in Sources */ = {isa = PBXBuildFile; fileRef = C126A5ED2A852DFF00F28F20 /* ReviewComponent.swift */; };
		C126A5F02A852E0E00F28F20 /* TabBarComponent.swift in Sources */ = {isa = PBXBuildFile; fileRef = C126A5EF2A852E0E00F28F20 /* TabBarComponent.swift */; };
		C126A5F22A852E1E00F28F20 /* StarRatingComponent.swift in Sources */ = {isa = PBXBuildFile; fileRef = C126A5F12A852E1E00F28F20 /* StarRatingComponent.swift */; };
		C126A5F42A852E2A00F28F20 /* CustomLable.swift in Sources */ = {isa = PBXBuildFile; fileRef = C126A5F32A852E2A00F28F20 /* CustomLable.swift */; };
		C126A5F62A852E3A00F28F20 /* MovieCardTypeB.swift in Sources */ = {isa = PBXBuildFile; fileRef = C126A5F52A852E3A00F28F20 /* MovieCardTypeB.swift */; };
		C126A5F82A852E4600F28F20 /* SearchBar.swift in Sources */ = {isa = PBXBuildFile; fileRef = C126A5F72A852E4600F28F20 /* SearchBar.swift */; };
		C126A5FA2A852E5600F28F20 /* TrendingList.swift in Sources */ = {isa = PBXBuildFile; fileRef = C126A5F92A852E5600F28F20 /* TrendingList.swift */; };
		C126A5FC2A852E8200F28F20 /* MovieHeader.swift in Sources */ = {isa = PBXBuildFile; fileRef = C126A5FB2A852E8200F28F20 /* MovieHeader.swift */; };
		C126A5FE2A852EAA00F28F20 /* HideKeyboard.swift in Sources */ = {isa = PBXBuildFile; fileRef = C126A5FD2A852EAA00F28F20 /* HideKeyboard.swift */; };
		C126A6002A852EBA00F28F20 /* Constants.swift in Sources */ = {isa = PBXBuildFile; fileRef = C126A5FF2A852EBA00F28F20 /* Constants.swift */; };
		C126A6022A852ED000F28F20 /* CustomCorners.swift in Sources */ = {isa = PBXBuildFile; fileRef = C126A6012A852ED000F28F20 /* CustomCorners.swift */; };
		C126A6042A852ED900F28F20 /* TabShape.swift in Sources */ = {isa = PBXBuildFile; fileRef = C126A6032A852ED900F28F20 /* TabShape.swift */; };
		C126A6062A852EEB00F28F20 /* TabPositions.swift in Sources */ = {isa = PBXBuildFile; fileRef = C126A6052A852EEB00F28F20 /* TabPositions.swift */; };
		C126A6082A852F0600F28F20 /* MoviesViewModel.swift in Sources */ = {isa = PBXBuildFile; fileRef = C126A6072A852F0600F28F20 /* MoviesViewModel.swift */; };
		C126A60A2A852F1200F28F20 /* GenreViewModel.swift in Sources */ = {isa = PBXBuildFile; fileRef = C126A6092A852F1200F28F20 /* GenreViewModel.swift */; };
		C126A60C2A852F1F00F28F20 /* LocationViewModel.swift in Sources */ = {isa = PBXBuildFile; fileRef = C126A60B2A852F1F00F28F20 /* LocationViewModel.swift */; };
		C126A60E2A852F2B00F28F20 /* Movie.swift in Sources */ = {isa = PBXBuildFile; fileRef = C126A60D2A852F2B00F28F20 /* Movie.swift */; };
		C126A6102A852F3900F28F20 /* MovieReview.swift in Sources */ = {isa = PBXBuildFile; fileRef = C126A60F2A852F3900F28F20 /* MovieReview.swift */; };
		C126A6122A852F4400F28F20 /* Tab.swift in Sources */ = {isa = PBXBuildFile; fileRef = C126A6112A852F4400F28F20 /* Tab.swift */; };
		C126A6142A852F4E00F28F20 /* User.swift in Sources */ = {isa = PBXBuildFile; fileRef = C126A6132A852F4E00F28F20 /* User.swift */; };
		C126A6162A852F5700F28F20 /* Genre.swift in Sources */ = {isa = PBXBuildFile; fileRef = C126A6152A852F5700F28F20 /* Genre.swift */; };
		C126A6182A852F6100F28F20 /* Theater.swift in Sources */ = {isa = PBXBuildFile; fileRef = C126A6172A852F6100F28F20 /* Theater.swift */; };
		C126A61B2A852F8F00F28F20 /* LocationManager.swift in Sources */ = {isa = PBXBuildFile; fileRef = C126A61A2A852F8F00F28F20 /* LocationManager.swift */; };
		C126A61E2A852FA400F28F20 /* DataManager.swift in Sources */ = {isa = PBXBuildFile; fileRef = C126A61D2A852FA400F28F20 /* DataManager.swift */; };
		C126A6202A85311800F28F20 /* SearchList.swift in Sources */ = {isa = PBXBuildFile; fileRef = C126A61F2A85311800F28F20 /* SearchList.swift */; };
		C126A6222A85317A00F28F20 /* MovieTheater.swift in Sources */ = {isa = PBXBuildFile; fileRef = C126A6212A85317A00F28F20 /* MovieTheater.swift */; };
/* End PBXBuildFile section */

/* Begin PBXFileReference section */
		073D59A12A8A7F7A0083FD43 /* Home.swift */ = {isa = PBXFileReference; lastKnownFileType = sourcecode.swift; path = Home.swift; sourceTree = "<group>"; };
		073D59A32A8A7FC50083FD43 /* Reviews.swift */ = {isa = PBXFileReference; lastKnownFileType = sourcecode.swift; path = Reviews.swift; sourceTree = "<group>"; };
		073D59A72A8A80480083FD43 /* FeaturedMovies.swift */ = {isa = PBXFileReference; lastKnownFileType = sourcecode.swift; path = FeaturedMovies.swift; sourceTree = "<group>"; };
		C126A5CD2A85241400F28F20 /* MovieMagic.app */ = {isa = PBXFileReference; explicitFileType = wrapper.application; includeInIndex = 0; path = MovieMagic.app; sourceTree = BUILT_PRODUCTS_DIR; };
		C126A5D02A85241400F28F20 /* MovieMagicApp.swift */ = {isa = PBXFileReference; lastKnownFileType = sourcecode.swift; path = MovieMagicApp.swift; sourceTree = "<group>"; };
		C126A5D22A85241400F28F20 /* ContentView.swift */ = {isa = PBXFileReference; lastKnownFileType = sourcecode.swift; path = ContentView.swift; sourceTree = "<group>"; };
		C126A5D42A85241600F28F20 /* Assets.xcassets */ = {isa = PBXFileReference; lastKnownFileType = folder.assetcatalog; path = Assets.xcassets; sourceTree = "<group>"; };
		C126A5D72A85241600F28F20 /* Preview Assets.xcassets */ = {isa = PBXFileReference; lastKnownFileType = folder.assetcatalog; path = "Preview Assets.xcassets"; sourceTree = "<group>"; };
		C126A5E52A852DC300F28F20 /* GenreTag.swift */ = {isa = PBXFileReference; lastKnownFileType = sourcecode.swift; path = GenreTag.swift; sourceTree = "<group>"; };
		C126A5E72A852DD600F28F20 /* MovieCardTypeA.swift */ = {isa = PBXFileReference; lastKnownFileType = sourcecode.swift; path = MovieCardTypeA.swift; sourceTree = "<group>"; };
		C126A5E92A852DE200F28F20 /* MoviePoster.swift */ = {isa = PBXFileReference; lastKnownFileType = sourcecode.swift; path = MoviePoster.swift; sourceTree = "<group>"; };
		C126A5EB2A852DEF00F28F20 /* MovieRating.swift */ = {isa = PBXFileReference; lastKnownFileType = sourcecode.swift; path = MovieRating.swift; sourceTree = "<group>"; };
		C126A5ED2A852DFF00F28F20 /* ReviewComponent.swift */ = {isa = PBXFileReference; lastKnownFileType = sourcecode.swift; path = ReviewComponent.swift; sourceTree = "<group>"; };
		C126A5EF2A852E0E00F28F20 /* TabBarComponent.swift */ = {isa = PBXFileReference; lastKnownFileType = sourcecode.swift; path = TabBarComponent.swift; sourceTree = "<group>"; };
		C126A5F12A852E1E00F28F20 /* StarRatingComponent.swift */ = {isa = PBXFileReference; lastKnownFileType = sourcecode.swift; path = StarRatingComponent.swift; sourceTree = "<group>"; };
		C126A5F32A852E2A00F28F20 /* CustomLable.swift */ = {isa = PBXFileReference; lastKnownFileType = sourcecode.swift; path = CustomLable.swift; sourceTree = "<group>"; };
		C126A5F52A852E3A00F28F20 /* MovieCardTypeB.swift */ = {isa = PBXFileReference; lastKnownFileType = sourcecode.swift; path = MovieCardTypeB.swift; sourceTree = "<group>"; };
		C126A5F72A852E4600F28F20 /* SearchBar.swift */ = {isa = PBXFileReference; lastKnownFileType = sourcecode.swift; path = SearchBar.swift; sourceTree = "<group>"; };
		C126A5F92A852E5600F28F20 /* TrendingList.swift */ = {isa = PBXFileReference; lastKnownFileType = sourcecode.swift; path = TrendingList.swift; sourceTree = "<group>"; };
		C126A5FB2A852E8200F28F20 /* MovieHeader.swift */ = {isa = PBXFileReference; lastKnownFileType = sourcecode.swift; path = MovieHeader.swift; sourceTree = "<group>"; };
		C126A5FD2A852EAA00F28F20 /* HideKeyboard.swift */ = {isa = PBXFileReference; lastKnownFileType = sourcecode.swift; path = HideKeyboard.swift; sourceTree = "<group>"; };
		C126A5FF2A852EBA00F28F20 /* Constants.swift */ = {isa = PBXFileReference; lastKnownFileType = sourcecode.swift; path = Constants.swift; sourceTree = "<group>"; };
		C126A6012A852ED000F28F20 /* CustomCorners.swift */ = {isa = PBXFileReference; lastKnownFileType = sourcecode.swift; path = CustomCorners.swift; sourceTree = "<group>"; };
		C126A6032A852ED900F28F20 /* TabShape.swift */ = {isa = PBXFileReference; lastKnownFileType = sourcecode.swift; path = TabShape.swift; sourceTree = "<group>"; };
		C126A6052A852EEB00F28F20 /* TabPositions.swift */ = {isa = PBXFileReference; lastKnownFileType = sourcecode.swift; path = TabPositions.swift; sourceTree = "<group>"; };
		C126A6072A852F0600F28F20 /* MoviesViewModel.swift */ = {isa = PBXFileReference; lastKnownFileType = sourcecode.swift; path = MoviesViewModel.swift; sourceTree = "<group>"; };
		C126A6092A852F1200F28F20 /* GenreViewModel.swift */ = {isa = PBXFileReference; lastKnownFileType = sourcecode.swift; path = GenreViewModel.swift; sourceTree = "<group>"; };
		C126A60B2A852F1F00F28F20 /* LocationViewModel.swift */ = {isa = PBXFileReference; lastKnownFileType = sourcecode.swift; path = LocationViewModel.swift; sourceTree = "<group>"; };
		C126A60D2A852F2B00F28F20 /* Movie.swift */ = {isa = PBXFileReference; lastKnownFileType = sourcecode.swift; path = Movie.swift; sourceTree = "<group>"; };
		C126A60F2A852F3900F28F20 /* MovieReview.swift */ = {isa = PBXFileReference; lastKnownFileType = sourcecode.swift; path = MovieReview.swift; sourceTree = "<group>"; };
		C126A6112A852F4400F28F20 /* Tab.swift */ = {isa = PBXFileReference; lastKnownFileType = sourcecode.swift; path = Tab.swift; sourceTree = "<group>"; };
		C126A6132A852F4E00F28F20 /* User.swift */ = {isa = PBXFileReference; lastKnownFileType = sourcecode.swift; path = User.swift; sourceTree = "<group>"; };
		C126A6152A852F5700F28F20 /* Genre.swift */ = {isa = PBXFileReference; lastKnownFileType = sourcecode.swift; path = Genre.swift; sourceTree = "<group>"; };
		C126A6172A852F6100F28F20 /* Theater.swift */ = {isa = PBXFileReference; lastKnownFileType = sourcecode.swift; path = Theater.swift; sourceTree = "<group>"; };
		C126A61A2A852F8F00F28F20 /* LocationManager.swift */ = {isa = PBXFileReference; lastKnownFileType = sourcecode.swift; path = LocationManager.swift; sourceTree = "<group>"; };
		C126A61D2A852FA400F28F20 /* DataManager.swift */ = {isa = PBXFileReference; lastKnownFileType = sourcecode.swift; path = DataManager.swift; sourceTree = "<group>"; };
		C126A61F2A85311800F28F20 /* SearchList.swift */ = {isa = PBXFileReference; lastKnownFileType = sourcecode.swift; path = SearchList.swift; sourceTree = "<group>"; };
		C126A6212A85317A00F28F20 /* MovieTheater.swift */ = {isa = PBXFileReference; lastKnownFileType = sourcecode.swift; path = MovieTheater.swift; sourceTree = "<group>"; };
/* End PBXFileReference section */

/* Begin PBXFrameworksBuildPhase section */
		C126A5CA2A85241400F28F20 /* Frameworks */ = {
			isa = PBXFrameworksBuildPhase;
			buildActionMask = 2147483647;
			files = (
			);
			runOnlyForDeploymentPostprocessing = 0;
		};
/* End PBXFrameworksBuildPhase section */

/* Begin PBXGroup section */
		C126A5C42A85241400F28F20 = {
			isa = PBXGroup;
			children = (
				C126A5CF2A85241400F28F20 /* MovieMagic */,
				C126A5CE2A85241400F28F20 /* Products */,
			);
			sourceTree = "<group>";
		};
		C126A5CE2A85241400F28F20 /* Products */ = {
			isa = PBXGroup;
			children = (
				C126A5CD2A85241400F28F20 /* MovieMagic.app */,
			);
			name = Products;
			sourceTree = "<group>";
		};
		C126A5CF2A85241400F28F20 /* MovieMagic */ = {
			isa = PBXGroup;
			children = (
				C126A61C2A852F9500F28F20 /* DataManager */,
				C126A6192A852F7600F28F20 /* LocationManager */,
				C126A5E42A852A0400F28F20 /* Views */,
				C126A5E32A8529EE00F28F20 /* UIModifiers */,
				C126A5E22A8529E000F28F20 /* ViewModels */,
				C126A5E12A8529D600F28F20 /* Models */,
				C126A5E02A8529AF00F28F20 /* Constants */,
				C126A5DF2A85255000F28F20 /* Extentions */,
				C126A5DE2A85253E00F28F20 /* Components */,
				C126A5D02A85241400F28F20 /* MovieMagicApp.swift */,
				C126A5D22A85241400F28F20 /* ContentView.swift */,
				C126A5D42A85241600F28F20 /* Assets.xcassets */,
				C126A5D62A85241600F28F20 /* Preview Content */,
			);
			path = MovieMagic;
			sourceTree = "<group>";
		};
		C126A5D62A85241600F28F20 /* Preview Content */ = {
			isa = PBXGroup;
			children = (
				C126A5D72A85241600F28F20 /* Preview Assets.xcassets */,
			);
			path = "Preview Content";
			sourceTree = "<group>";
		};
		C126A5DE2A85253E00F28F20 /* Components */ = {
			isa = PBXGroup;
			children = (
				C126A5E52A852DC300F28F20 /* GenreTag.swift */,
				C126A5E72A852DD600F28F20 /* MovieCardTypeA.swift */,
				C126A5E92A852DE200F28F20 /* MoviePoster.swift */,
				C126A5EB2A852DEF00F28F20 /* MovieRating.swift */,
				C126A5FB2A852E8200F28F20 /* MovieHeader.swift */,
				C126A5ED2A852DFF00F28F20 /* ReviewComponent.swift */,
				C126A5EF2A852E0E00F28F20 /* TabBarComponent.swift */,
				C126A5F12A852E1E00F28F20 /* StarRatingComponent.swift */,
				C126A5F32A852E2A00F28F20 /* CustomLable.swift */,
				C126A5F52A852E3A00F28F20 /* MovieCardTypeB.swift */,
				C126A5F72A852E4600F28F20 /* SearchBar.swift */,
				C126A5F92A852E5600F28F20 /* TrendingList.swift */,
			);
			path = Components;
			sourceTree = "<group>";
		};
		C126A5DF2A85255000F28F20 /* Extentions */ = {
			isa = PBXGroup;
			children = (
				C126A5FD2A852EAA00F28F20 /* HideKeyboard.swift */,
			);
			path = Extentions;
			sourceTree = "<group>";
		};
		C126A5E02A8529AF00F28F20 /* Constants */ = {
			isa = PBXGroup;
			children = (
				C126A5FF2A852EBA00F28F20 /* Constants.swift */,
			);
			path = Constants;
			sourceTree = "<group>";
		};
		C126A5E12A8529D600F28F20 /* Models */ = {
			isa = PBXGroup;
			children = (
				C126A60D2A852F2B00F28F20 /* Movie.swift */,
				C126A60F2A852F3900F28F20 /* MovieReview.swift */,
				C126A6112A852F4400F28F20 /* Tab.swift */,
				C126A6132A852F4E00F28F20 /* User.swift */,
				C126A6152A852F5700F28F20 /* Genre.swift */,
				C126A6172A852F6100F28F20 /* Theater.swift */,
			);
			path = Models;
			sourceTree = "<group>";
		};
		C126A5E22A8529E000F28F20 /* ViewModels */ = {
			isa = PBXGroup;
			children = (
				C126A6072A852F0600F28F20 /* MoviesViewModel.swift */,
				C126A6092A852F1200F28F20 /* GenreViewModel.swift */,
				C126A60B2A852F1F00F28F20 /* LocationViewModel.swift */,
			);
			path = ViewModels;
			sourceTree = "<group>";
		};
		C126A5E32A8529EE00F28F20 /* UIModifiers */ = {
			isa = PBXGroup;
			children = (
				C126A6012A852ED000F28F20 /* CustomCorners.swift */,
				C126A6032A852ED900F28F20 /* TabShape.swift */,
				C126A6052A852EEB00F28F20 /* TabPositions.swift */,
			);
			path = UIModifiers;
			sourceTree = "<group>";
		};
		C126A5E42A852A0400F28F20 /* Views */ = {
			isa = PBXGroup;
			children = (
				C126A61F2A85311800F28F20 /* SearchList.swift */,
				C126A6212A85317A00F28F20 /* MovieTheater.swift */,
				073D59A12A8A7F7A0083FD43 /* Home.swift */,
				073D59A32A8A7FC50083FD43 /* Reviews.swift */,
				073D59A72A8A80480083FD43 /* FeaturedMovies.swift */,
			);
			path = Views;
			sourceTree = "<group>";
		};
		C126A6192A852F7600F28F20 /* LocationManager */ = {
			isa = PBXGroup;
			children = (
				C126A61A2A852F8F00F28F20 /* LocationManager.swift */,
			);
			path = LocationManager;
			sourceTree = "<group>";
		};
		C126A61C2A852F9500F28F20 /* DataManager */ = {
			isa = PBXGroup;
			children = (
				C126A61D2A852FA400F28F20 /* DataManager.swift */,
			);
			path = DataManager;
			sourceTree = "<group>";
		};
/* End PBXGroup section */

/* Begin PBXNativeTarget section */
		C126A5CC2A85241400F28F20 /* MovieMagic */ = {
			isa = PBXNativeTarget;
			buildConfigurationList = C126A5DB2A85241600F28F20 /* Build configuration list for PBXNativeTarget "MovieMagic" */;
			buildPhases = (
				C126A5C92A85241400F28F20 /* Sources */,
				C126A5CA2A85241400F28F20 /* Frameworks */,
				C126A5CB2A85241400F28F20 /* Resources */,
			);
			buildRules = (
			);
			dependencies = (
			);
			name = MovieMagic;
			productName = MovieMagic;
			productReference = C126A5CD2A85241400F28F20 /* MovieMagic.app */;
			productType = "com.apple.product-type.application";
		};
/* End PBXNativeTarget section */

/* Begin PBXProject section */
		C126A5C52A85241400F28F20 /* Project object */ = {
			isa = PBXProject;
			attributes = {
				BuildIndependentTargetsInParallel = 1;
				LastSwiftUpdateCheck = 1430;
				LastUpgradeCheck = 1430;
				TargetAttributes = {
					C126A5CC2A85241400F28F20 = {
						CreatedOnToolsVersion = 14.3.1;
					};
				};
			};
			buildConfigurationList = C126A5C82A85241400F28F20 /* Build configuration list for PBXProject "MovieMagic" */;
			compatibilityVersion = "Xcode 14.0";
			developmentRegion = en;
			hasScannedForEncodings = 0;
			knownRegions = (
				en,
				Base,
			);
			mainGroup = C126A5C42A85241400F28F20;
			productRefGroup = C126A5CE2A85241400F28F20 /* Products */;
			projectDirPath = "";
			projectRoot = "";
			targets = (
				C126A5CC2A85241400F28F20 /* MovieMagic */,
			);
		};
/* End PBXProject section */

/* Begin PBXResourcesBuildPhase section */
		C126A5CB2A85241400F28F20 /* Resources */ = {
			isa = PBXResourcesBuildPhase;
			buildActionMask = 2147483647;
			files = (
				C126A5D82A85241600F28F20 /* Preview Assets.xcassets in Resources */,
				C126A5D52A85241600F28F20 /* Assets.xcassets in Resources */,
			);
			runOnlyForDeploymentPostprocessing = 0;
		};
/* End PBXResourcesBuildPhase section */

/* Begin PBXSourcesBuildPhase section */
		C126A5C92A85241400F28F20 /* Sources */ = {
			isa = PBXSourcesBuildPhase;
			buildActionMask = 2147483647;
			files = (
				C126A6162A852F5700F28F20 /* Genre.swift in Sources */,
				C126A61E2A852FA400F28F20 /* DataManager.swift in Sources */,
				C126A6142A852F4E00F28F20 /* User.swift in Sources */,
				C126A5F62A852E3A00F28F20 /* MovieCardTypeB.swift in Sources */,
				C126A5EE2A852DFF00F28F20 /* ReviewComponent.swift in Sources */,
				C126A5E82A852DD600F28F20 /* MovieCardTypeA.swift in Sources */,
				C126A60E2A852F2B00F28F20 /* Movie.swift in Sources */,
				C126A61B2A852F8F00F28F20 /* LocationManager.swift in Sources */,
				C126A6042A852ED900F28F20 /* TabShape.swift in Sources */,
				C126A5EC2A852DEF00F28F20 /* MovieRating.swift in Sources */,
				C126A6102A852F3900F28F20 /* MovieReview.swift in Sources */,
				073D59A42A8A7FC50083FD43 /* Reviews.swift in Sources */,
				C126A6122A852F4400F28F20 /* Tab.swift in Sources */,
				C126A60C2A852F1F00F28F20 /* LocationViewModel.swift in Sources */,
				C126A5F22A852E1E00F28F20 /* StarRatingComponent.swift in Sources */,
				C126A5F82A852E4600F28F20 /* SearchBar.swift in Sources */,
				C126A6062A852EEB00F28F20 /* TabPositions.swift in Sources */,
				C126A6202A85311800F28F20 /* SearchList.swift in Sources */,
				C126A6022A852ED000F28F20 /* CustomCorners.swift in Sources */,
				C126A5EA2A852DE200F28F20 /* MoviePoster.swift in Sources */,
				C126A6002A852EBA00F28F20 /* Constants.swift in Sources */,
				C126A6182A852F6100F28F20 /* Theater.swift in Sources */,
				073D59A82A8A80480083FD43 /* FeaturedMovies.swift in Sources */,
				C126A5FC2A852E8200F28F20 /* MovieHeader.swift in Sources */,
				C126A5FA2A852E5600F28F20 /* TrendingList.swift in Sources */,
				C126A5D32A85241400F28F20 /* ContentView.swift in Sources */,
				C126A5FE2A852EAA00F28F20 /* HideKeyboard.swift in Sources */,
				073D59A22A8A7F7A0083FD43 /* Home.swift in Sources */,
				C126A5E62A852DC300F28F20 /* GenreTag.swift in Sources */,
				C126A6222A85317A00F28F20 /* MovieTheater.swift in Sources */,
				C126A5D12A85241400F28F20 /* MovieMagicApp.swift in Sources */,
				C126A5F02A852E0E00F28F20 /* TabBarComponent.swift in Sources */,
				C126A5F42A852E2A00F28F20 /* CustomLable.swift in Sources */,
				C126A60A2A852F1200F28F20 /* GenreViewModel.swift in Sources */,
				C126A6082A852F0600F28F20 /* MoviesViewModel.swift in Sources */,
			);
			runOnlyForDeploymentPostprocessing = 0;
		};
/* End PBXSourcesBuildPhase section */

/* Begin XCBuildConfiguration section */
		C126A5D92A85241600F28F20 /* Debug */ = {
			isa = XCBuildConfiguration;
			buildSettings = {
				ALWAYS_SEARCH_USER_PATHS = NO;
				CLANG_ANALYZER_NONNULL = YES;
				CLANG_ANALYZER_NUMBER_OBJECT_CONVERSION = YES_AGGRESSIVE;
				CLANG_CXX_LANGUAGE_STANDARD = "gnu++20";
				CLANG_ENABLE_MODULES = YES;
				CLANG_ENABLE_OBJC_ARC = YES;
				CLANG_ENABLE_OBJC_WEAK = YES;
				CLANG_WARN_BLOCK_CAPTURE_AUTORELEASING = YES;
				CLANG_WARN_BOOL_CONVERSION = YES;
				CLANG_WARN_COMMA = YES;
				CLANG_WARN_CONSTANT_CONVERSION = YES;
				CLANG_WARN_DEPRECATED_OBJC_IMPLEMENTATIONS = YES;
				CLANG_WARN_DIRECT_OBJC_ISA_USAGE = YES_ERROR;
				CLANG_WARN_DOCUMENTATION_COMMENTS = YES;
				CLANG_WARN_EMPTY_BODY = YES;
				CLANG_WARN_ENUM_CONVERSION = YES;
				CLANG_WARN_INFINITE_RECURSION = YES;
				CLANG_WARN_INT_CONVERSION = YES;
				CLANG_WARN_NON_LITERAL_NULL_CONVERSION = YES;
				CLANG_WARN_OBJC_IMPLICIT_RETAIN_SELF = YES;
				CLANG_WARN_OBJC_LITERAL_CONVERSION = YES;
				CLANG_WARN_OBJC_ROOT_CLASS = YES_ERROR;
				CLANG_WARN_QUOTED_INCLUDE_IN_FRAMEWORK_HEADER = YES;
				CLANG_WARN_RANGE_LOOP_ANALYSIS = YES;
				CLANG_WARN_STRICT_PROTOTYPES = YES;
				CLANG_WARN_SUSPICIOUS_MOVE = YES;
				CLANG_WARN_UNGUARDED_AVAILABILITY = YES_AGGRESSIVE;
				CLANG_WARN_UNREACHABLE_CODE = YES;
				CLANG_WARN__DUPLICATE_METHOD_MATCH = YES;
				COPY_PHASE_STRIP = NO;
				DEBUG_INFORMATION_FORMAT = dwarf;
				ENABLE_STRICT_OBJC_MSGSEND = YES;
				ENABLE_TESTABILITY = YES;
				GCC_C_LANGUAGE_STANDARD = gnu11;
				GCC_DYNAMIC_NO_PIC = NO;
				GCC_NO_COMMON_BLOCKS = YES;
				GCC_OPTIMIZATION_LEVEL = 0;
				GCC_PREPROCESSOR_DEFINITIONS = (
					"DEBUG=1",
					"$(inherited)",
				);
				GCC_WARN_64_TO_32_BIT_CONVERSION = YES;
				GCC_WARN_ABOUT_RETURN_TYPE = YES_ERROR;
				GCC_WARN_UNDECLARED_SELECTOR = YES;
				GCC_WARN_UNINITIALIZED_AUTOS = YES_AGGRESSIVE;
				GCC_WARN_UNUSED_FUNCTION = YES;
				GCC_WARN_UNUSED_VARIABLE = YES;
				IPHONEOS_DEPLOYMENT_TARGET = 16.4;
				MTL_ENABLE_DEBUG_INFO = INCLUDE_SOURCE;
				MTL_FAST_MATH = YES;
				ONLY_ACTIVE_ARCH = YES;
				SDKROOT = iphoneos;
				SWIFT_ACTIVE_COMPILATION_CONDITIONS = DEBUG;
				SWIFT_OPTIMIZATION_LEVEL = "-Onone";
			};
			name = Debug;
		};
		C126A5DA2A85241600F28F20 /* Release */ = {
			isa = XCBuildConfiguration;
			buildSettings = {
				ALWAYS_SEARCH_USER_PATHS = NO;
				CLANG_ANALYZER_NONNULL = YES;
				CLANG_ANALYZER_NUMBER_OBJECT_CONVERSION = YES_AGGRESSIVE;
				CLANG_CXX_LANGUAGE_STANDARD = "gnu++20";
				CLANG_ENABLE_MODULES = YES;
				CLANG_ENABLE_OBJC_ARC = YES;
				CLANG_ENABLE_OBJC_WEAK = YES;
				CLANG_WARN_BLOCK_CAPTURE_AUTORELEASING = YES;
				CLANG_WARN_BOOL_CONVERSION = YES;
				CLANG_WARN_COMMA = YES;
				CLANG_WARN_CONSTANT_CONVERSION = YES;
				CLANG_WARN_DEPRECATED_OBJC_IMPLEMENTATIONS = YES;
				CLANG_WARN_DIRECT_OBJC_ISA_USAGE = YES_ERROR;
				CLANG_WARN_DOCUMENTATION_COMMENTS = YES;
				CLANG_WARN_EMPTY_BODY = YES;
				CLANG_WARN_ENUM_CONVERSION = YES;
				CLANG_WARN_INFINITE_RECURSION = YES;
				CLANG_WARN_INT_CONVERSION = YES;
				CLANG_WARN_NON_LITERAL_NULL_CONVERSION = YES;
				CLANG_WARN_OBJC_IMPLICIT_RETAIN_SELF = YES;
				CLANG_WARN_OBJC_LITERAL_CONVERSION = YES;
				CLANG_WARN_OBJC_ROOT_CLASS = YES_ERROR;
				CLANG_WARN_QUOTED_INCLUDE_IN_FRAMEWORK_HEADER = YES;
				CLANG_WARN_RANGE_LOOP_ANALYSIS = YES;
				CLANG_WARN_STRICT_PROTOTYPES = YES;
				CLANG_WARN_SUSPICIOUS_MOVE = YES;
				CLANG_WARN_UNGUARDED_AVAILABILITY = YES_AGGRESSIVE;
				CLANG_WARN_UNREACHABLE_CODE = YES;
				CLANG_WARN__DUPLICATE_METHOD_MATCH = YES;
				COPY_PHASE_STRIP = NO;
				DEBUG_INFORMATION_FORMAT = "dwarf-with-dsym";
				ENABLE_NS_ASSERTIONS = NO;
				ENABLE_STRICT_OBJC_MSGSEND = YES;
				GCC_C_LANGUAGE_STANDARD = gnu11;
				GCC_NO_COMMON_BLOCKS = YES;
				GCC_WARN_64_TO_32_BIT_CONVERSION = YES;
				GCC_WARN_ABOUT_RETURN_TYPE = YES_ERROR;
				GCC_WARN_UNDECLARED_SELECTOR = YES;
				GCC_WARN_UNINITIALIZED_AUTOS = YES_AGGRESSIVE;
				GCC_WARN_UNUSED_FUNCTION = YES;
				GCC_WARN_UNUSED_VARIABLE = YES;
				IPHONEOS_DEPLOYMENT_TARGET = 16.4;
				MTL_ENABLE_DEBUG_INFO = NO;
				MTL_FAST_MATH = YES;
				SDKROOT = iphoneos;
				SWIFT_COMPILATION_MODE = wholemodule;
				SWIFT_OPTIMIZATION_LEVEL = "-O";
				VALIDATE_PRODUCT = YES;
			};
			name = Release;
		};
		C126A5DC2A85241600F28F20 /* Debug */ = {
			isa = XCBuildConfiguration;
			buildSettings = {
				ASSETCATALOG_COMPILER_APPICON_NAME = AppIcon;
				ASSETCATALOG_COMPILER_GLOBAL_ACCENT_COLOR_NAME = AccentColor;
				CODE_SIGN_STYLE = Automatic;
				CURRENT_PROJECT_VERSION = 1;
				DEVELOPMENT_ASSET_PATHS = "\"MovieMagic/Preview Content\"";
				ENABLE_PREVIEWS = YES;
				GENERATE_INFOPLIST_FILE = YES;
				INFOPLIST_KEY_UIApplicationSceneManifest_Generation = YES;
				INFOPLIST_KEY_UIApplicationSupportsIndirectInputEvents = YES;
				INFOPLIST_KEY_UILaunchScreen_Generation = YES;
				INFOPLIST_KEY_UISupportedInterfaceOrientations_iPad = "UIInterfaceOrientationPortrait UIInterfaceOrientationPortraitUpsideDown UIInterfaceOrientationLandscapeLeft UIInterfaceOrientationLandscapeRight";
				INFOPLIST_KEY_UISupportedInterfaceOrientations_iPhone = "UIInterfaceOrientationPortrait UIInterfaceOrientationLandscapeLeft UIInterfaceOrientationLandscapeRight";
				LD_RUNPATH_SEARCH_PATHS = (
					"$(inherited)",
					"@executable_path/Frameworks",
				);
				MARKETING_VERSION = 1.0;
				PRODUCT_BUNDLE_IDENTIFIER = iGenius.MovieMagic;
				PRODUCT_NAME = "$(TARGET_NAME)";
				SWIFT_EMIT_LOC_STRINGS = YES;
				SWIFT_VERSION = 5.0;
				TARGETED_DEVICE_FAMILY = "1,2";
			};
			name = Debug;
		};
		C126A5DD2A85241600F28F20 /* Release */ = {
			isa = XCBuildConfiguration;
			buildSettings = {
				ASSETCATALOG_COMPILER_APPICON_NAME = AppIcon;
				ASSETCATALOG_COMPILER_GLOBAL_ACCENT_COLOR_NAME = AccentColor;
				CODE_SIGN_STYLE = Automatic;
				CURRENT_PROJECT_VERSION = 1;
				DEVELOPMENT_ASSET_PATHS = "\"MovieMagic/Preview Content\"";
				ENABLE_PREVIEWS = YES;
				GENERATE_INFOPLIST_FILE = YES;
				INFOPLIST_KEY_UIApplicationSceneManifest_Generation = YES;
				INFOPLIST_KEY_UIApplicationSupportsIndirectInputEvents = YES;
				INFOPLIST_KEY_UILaunchScreen_Generation = YES;
				INFOPLIST_KEY_UISupportedInterfaceOrientations_iPad = "UIInterfaceOrientationPortrait UIInterfaceOrientationPortraitUpsideDown UIInterfaceOrientationLandscapeLeft UIInterfaceOrientationLandscapeRight";
				INFOPLIST_KEY_UISupportedInterfaceOrientations_iPhone = "UIInterfaceOrientationPortrait UIInterfaceOrientationLandscapeLeft UIInterfaceOrientationLandscapeRight";
				LD_RUNPATH_SEARCH_PATHS = (
					"$(inherited)",
					"@executable_path/Frameworks",
				);
				MARKETING_VERSION = 1.0;
				PRODUCT_BUNDLE_IDENTIFIER = iGenius.MovieMagic;
				PRODUCT_NAME = "$(TARGET_NAME)";
				SWIFT_EMIT_LOC_STRINGS = YES;
				SWIFT_VERSION = 5.0;
				TARGETED_DEVICE_FAMILY = "1,2";
			};
			name = Release;
		};
/* End XCBuildConfiguration section */

/* Begin XCConfigurationList section */
		C126A5C82A85241400F28F20 /* Build configuration list for PBXProject "MovieMagic" */ = {
			isa = XCConfigurationList;
			buildConfigurations = (
				C126A5D92A85241600F28F20 /* Debug */,
				C126A5DA2A85241600F28F20 /* Release */,
			);
			defaultConfigurationIsVisible = 0;
			defaultConfigurationName = Release;
		};
		C126A5DB2A85241600F28F20 /* Build configuration list for PBXNativeTarget "MovieMagic" */ = {
			isa = XCConfigurationList;
			buildConfigurations = (
				C126A5DC2A85241600F28F20 /* Debug */,
				C126A5DD2A85241600F28F20 /* Release */,
			);
			defaultConfigurationIsVisible = 0;
			defaultConfigurationName = Release;
		};
/* End XCConfigurationList section */
	};
	rootObject = C126A5C52A85241400F28F20 /* Project object */;
}
